
Microsoft Visual Studio Solution File, Format Version 12.00
# Visual Studio Version 16
VisualStudioVersion = 16.0.32802.440
MinimumVisualStudioVersion = 10.0.40219.1
Project("{FAE04EC0-301F-11D3-BF4B-00C04F79EFBC}") = "TabelaFifaWorldCup2022.UWP", "TabelaFifaWorldCup2022\TabelaFifaWorldCup2022.UWP\TabelaFifaWorldCup2022.UWP.csproj", "{ECB8DCD1-4EAD-4947-9AC4-B9E2D3EB668B}"
EndProject
Project("{FAE04EC0-301F-11D3-BF4B-00C04F79EFBC}") = "TabelaFifaWorldCup2022.Android", "TabelaFifaWorldCup2022\TabelaFifaWorldCup2022.Android\TabelaFifaWorldCup2022.Android.csproj", "{C6CB9147-3B02-4A49-8171-4DBD9730ACC8}"
EndProject
Project("{FAE04EC0-301F-11D3-BF4B-00C04F79EFBC}") = "TabelaFifaWorldCup2022", "TabelaFifaWorldCup2022\TabelaFifaWorldCup2022\TabelaFifaWorldCup2022.csproj", "{5B8196A1-6BB1-46C8-9115-D02A3DDE0462}"
EndProject
Global
	GlobalSection(SolutionConfigurationPlatforms) = preSolution
		Debug|Any CPU = Debug|Any CPU
		Debug|ARM = Debug|ARM
		Debug|x64 = Debug|x64
		Debug|x86 = Debug|x86
		Release|Any CPU = Release|Any CPU
		Release|ARM = Release|ARM
		Release|x64 = Release|x64
		Release|x86 = Release|x86
	EndGlobalSection
	GlobalSection(ProjectConfigurationPlatforms) = postSolution
		{ECB8DCD1-4EAD-4947-9AC4-B9E2D3EB668B}.Debug|Any CPU.ActiveCfg = Debug|x86
		{ECB8DCD1-4EAD-4947-9AC4-B9E2D3EB668B}.Debug|Any CPU.Build.0 = Debug|x86
		{ECB8DCD1-4EAD-4947-9AC4-B9E2D3EB668B}.Debug|Any CPU.Deploy.0 = Debug|x86
		{ECB8DCD1-4EAD-4947-9AC4-B9E2D3EB668B}.Debug|ARM.ActiveCfg = Debug|ARM
		{ECB8DCD1-4EAD-4947-9AC4-B9E2D3EB668B}.Debug|ARM.Build.0 = Debug|ARM
		{ECB8DCD1-4EAD-4947-9AC4-B9E2D3EB668B}.Debug|ARM.Deploy.0 = Debug|ARM
		{ECB8DCD1-4EAD-4947-9AC4-B9E2D3EB668B}.Debug|x64.ActiveCfg = Debug|x64
		{ECB8DCD1-4EAD-4947-9AC4-B9E2D3EB668B}.Debug|x64.Build.0 = Debug|x64
		{ECB8DCD1-4EAD-4947-9AC4-B9E2D3EB668B}.Debug|x64.Deploy.0 = Debug|x64
		{ECB8DCD1-4EAD-4947-9AC4-B9E2D3EB668B}.Debug|x86.ActiveCfg = Debug|x86
		{ECB8DCD1-4EAD-4947-9AC4-B9E2D3EB668B}.Debug|x86.Build.0 = Debug|x86
		{ECB8DCD1-4EAD-4947-9AC4-B9E2D3EB668B}.Debug|x86.Deploy.0 = Debug|x86
		{ECB8DCD1-4EAD-4947-9AC4-B9E2D3EB668B}.Release|Any CPU.ActiveCfg = Release|x86
		{ECB8DCD1-4EAD-4947-9AC4-B9E2D3EB668B}.Release|Any CPU.Build.0 = Release|x86
		{ECB8DCD1-4EAD-4947-9AC4-B9E2D3EB668B}.Release|Any CPU.Deploy.0 = Release|x86
		{ECB8DCD1-4EAD-4947-9AC4-B9E2D3EB668B}.Release|ARM.ActiveCfg = Release|ARM
		{ECB8DCD1-4EAD-4947-9AC4-B9E2D3EB668B}.Release|ARM.Build.0 = Release|ARM
		{ECB8DCD1-4EAD-4947-9AC4-B9E2D3EB668B}.Release|ARM.Deploy.0 = Release|ARM
		{ECB8DCD1-4EAD-4947-9AC4-B9E2D3EB668B}.Release|x64.ActiveCfg = Release|x64
		{ECB8DCD1-4EAD-4947-9AC4-B9E2D3EB668B}.Release|x64.Build.0 = Release|x64
		{ECB8DCD1-4EAD-4947-9AC4-B9E2D3EB668B}.Release|x64.Deploy.0 = Release|x64
		{ECB8DCD1-4EAD-4947-9AC4-B9E2D3EB668B}.Release|x86.ActiveCfg = Release|x86
		{ECB8DCD1-4EAD-4947-9AC4-B9E2D3EB668B}.Release|x86.Build.0 = Release|x86
		{ECB8DCD1-4EAD-4947-9AC4-B9E2D3EB668B}.Release|x86.Deploy.0 = Release|x86
		{C6CB9147-3B02-4A49-8171-4DBD9730ACC8}.Debug|Any CPU.ActiveCfg = Debug|Any CPU
		{C6CB9147-3B02-4A49-8171-4DBD9730ACC8}.Debug|Any CPU.Build.0 = Debug|Any CPU
		{C6CB9147-3B02-4A49-8171-4DBD9730ACC8}.Debug|Any CPU.Deploy.0 = Debug|Any CPU
		{C6CB9147-3B02-4A49-8171-4DBD9730ACC8}.Debug|ARM.ActiveCfg = Debug|Any CPU
		{C6CB9147-3B02-4A49-8171-4DBD9730ACC8}.Debug|ARM.Build.0 = Debug|Any CPU
		{C6CB9147-3B02-4A49-8171-4DBD9730ACC8}.Debug|ARM.Deploy.0 = Debug|Any CPU
		{C6CB9147-3B02-4A49-8171-4DBD9730ACC8}.Debug|x64.ActiveCfg = Debug|Any CPU
		{C6CB9147-3B02-4A49-8171-4DBD9730ACC8}.Debug|x64.Build.0 = Debug|Any CPU
		{C6CB9147-3B02-4A49-8171-4DBD9730ACC8}.Debug|x64.Deploy.0 = Debug|Any CPU
		{C6CB9147-3B02-4A49-8171-4DBD9730ACC8}.Debug|x86.ActiveCfg = Debug|Any CPU
		{C6CB9147-3B02-4A49-8171-4DBD9730ACC8}.Debug|x86.Build.0 = Debug|Any CPU
		{C6CB9147-3B02-4A49-8171-4DBD9730ACC8}.Debug|x86.Deploy.0 = Debug|Any CPU
		{C6CB9147-3B02-4A49-8171-4DBD9730ACC8}.Release|Any CPU.ActiveCfg = Release|Any CPU
		{C6CB9147-3B02-4A49-8171-4DBD9730ACC8}.Release|Any CPU.Build.0 = Release|Any CPU
		{C6CB9147-3B02-4A49-8171-4DBD9730ACC8}.Release|Any CPU.Deploy.0 = Release|Any CPU
		{C6CB9147-3B02-4A49-8171-4DBD9730ACC8}.Release|ARM.ActiveCfg = Release|Any CPU
		{C6CB9147-3B02-4A49-8171-4DBD9730ACC8}.Release|ARM.Build.0 = Release|Any CPU
		{C6CB9147-3B02-4A49-8171-4DBD9730ACC8}.Release|ARM.Deploy.0 = Release|Any CPU
		{C6CB9147-3B02-4A49-8171-4DBD9730ACC8}.Release|x64.ActiveCfg = Release|Any CPU
		{C6CB9147-3B02-4A49-8171-4DBD9730ACC8}.Release|x64.Build.0 = Release|Any CPU
		{C6CB9147-3B02-4A49-8171-4DBD9730ACC8}.Release|x64.Deploy.0 = Release|Any CPU
		{C6CB9147-3B02-4A49-8171-4DBD9730ACC8}.Release|x86.ActiveCfg = Release|Any CPU
		{C6CB9147-3B02-4A49-8171-4DBD9730ACC8}.Release|x86.Build.0 = Release|Any CPU
		{C6CB9147-3B02-4A49-8171-4DBD9730ACC8}.Release|x86.Deploy.0 = Release|Any CPU
		{5B8196A1-6BB1-46C8-9115-D02A3DDE0462}.Debug|Any CPU.ActiveCfg = Debug|Any CPU
		{5B8196A1-6BB1-46C8-9115-D02A3DDE0462}.Debug|Any CPU.Build.0 = Debug|Any CPU
		{5B8196A1-6BB1-46C8-9115-D02A3DDE0462}.Debug|Any CPU.Deploy.0 = Debug|Any CPU
		{5B8196A1-6BB1-46C8-9115-D02A3DDE0462}.Debug|ARM.ActiveCfg = Debug|Any CPU
		{5B8196A1-6BB1-46C8-9115-D02A3DDE0462}.Debug|ARM.Build.0 = Debug|Any CPU
		{5B8196A1-6BB1-46C8-9115-D02A3DDE0462}.Debug|ARM.Deploy.0 = Debug|Any CPU
		{5B8196A1-6BB1-46C8-9115-D02A3DDE0462}.Debug|x64.ActiveCfg = Debug|Any CPU
		{5B8196A1-6BB1-46C8-9115-D02A3DDE0462}.Debug|x64.Build.0 = Debug|Any CPU
		{5B8196A1-6BB1-46C8-9115-D02A3DDE0462}.Debug|x64.Deploy.0 = Debug|Any CPU
		{5B8196A1-6BB1-46C8-9115-D02A3DDE0462}.Debug|x86.ActiveCfg = Debug|Any CPU
		{5B8196A1-6BB1-46C8-9115-D02A3DDE0462}.Debug|x86.Build.0 = Debug|Any CPU
		{5B8196A1-6BB1-46C8-9115-D02A3DDE0462}.Debug|x86.Deploy.0 = Debug|Any CPU
		{5B8196A1-6BB1-46C8-9115-D02A3DDE0462}.Release|Any CPU.ActiveCfg = Release|Any CPU
		{5B8196A1-6BB1-46C8-9115-D02A3DDE0462}.Release|Any CPU.Build.0 = Release|Any CPU
		{5B8196A1-6BB1-46C8-9115-D02A3DDE0462}.Release|Any CPU.Deploy.0 = Release|Any CPU
		{5B8196A1-6BB1-46C8-9115-D02A3DDE0462}.Release|ARM.ActiveCfg = Release|Any CPU
		{5B8196A1-6BB1-46C8-9115-D02A3DDE0462}.Release|ARM.Build.0 = Release|Any CPU
		{5B8196A1-6BB1-46C8-9115-D02A3DDE0462}.Release|ARM.Deploy.0 = Release|Any CPU
		{5B8196A1-6BB1-46C8-9115-D02A3DDE0462}.Release|x64.ActiveCfg = Release|Any CPU
		{5B8196A1-6BB1-46C8-9115-D02A3DDE0462}.Release|x64.Build.0 = Release|Any CPU
		{5B8196A1-6BB1-46C8-9115-D02A3DDE0462}.Release|x64.Deploy.0 = Release|Any CPU
		{5B8196A1-6BB1-46C8-9115-D02A3DDE0462}.Release|x86.ActiveCfg = Release|Any CPU
		{5B8196A1-6BB1-46C8-9115-D02A3DDE0462}.Release|x86.Build.0 = Release|Any CPU
		{5B8196A1-6BB1-46C8-9115-D02A3DDE0462}.Release|x86.Deploy.0 = Release|Any CPU
	EndGlobalSection
	GlobalSection(SolutionProperties) = preSolution
		HideSolutionNode = FALSE
	EndGlobalSection
	GlobalSection(ExtensibilityGlobals) = postSolution
		SolutionGuid = {D3B7EC8E-3B2F-4CAE-9ACA-8664A4D44CA7}
	EndGlobalSection
EndGlobal
